
Microsoft Visual Studio Solution File, Format Version 11.00
# Visual Studio 2010
Project("{FAE04EC0-301F-11D3-BF4B-00C04F79EFBC}") = "SmallTuba", "SmallTuba\SmallTuba.csproj", "{20869018-EB0E-4F42-8570-2CAF18CB06DC}"
EndProject
Project("{FAE04EC0-301F-11D3-BF4B-00C04F79EFBC}") = "AdminApplication", "AdminApplication\AdminApplication.csproj", "{0CB2A275-4A69-4D45-A388-44A8EF4ACFC6}"
EndProject
Project("{FAE04EC0-301F-11D3-BF4B-00C04F79EFBC}") = "ClientApplication", "ClientApplication\ClientApplication.csproj", "{99D9F2CA-71C6-45AB-8583-130F70F2B953}"
EndProject
Project("{FAE04EC0-301F-11D3-BF4B-00C04F79EFBC}") = "ServerApplication", "ServerApplication\ServerApplication.csproj", "{DBE6DB47-42C3-460B-B525-A2D7CC08E2B9}"
EndProject
Project("{54435603-DBB4-11D2-8724-00A0C9A8B90C}") = "ServerSetup", "ServerSetup\ServerSetup.vdproj", "{03072307-6299-419F-B442-29776E2EEA2D}"
EndProject
Project("{FAE04EC0-301F-11D3-BF4B-00C04F79EFBC}") = "SmallTubaTestSuite", "SmallTubaTestSuite\SmallTubaTestSuite.csproj", "{5972E424-3638-4894-9396-0EC264EF67E4}"
EndProject
Global
	GlobalSection(SolutionConfigurationPlatforms) = preSolution
		Debug|x86 = Debug|x86
		Release|x86 = Release|x86
	EndGlobalSection
	GlobalSection(ProjectConfigurationPlatforms) = postSolution
		{20869018-EB0E-4F42-8570-2CAF18CB06DC}.Debug|x86.ActiveCfg = Debug|x86
		{20869018-EB0E-4F42-8570-2CAF18CB06DC}.Debug|x86.Build.0 = Debug|x86
		{20869018-EB0E-4F42-8570-2CAF18CB06DC}.Release|x86.ActiveCfg = Release|x86
		{20869018-EB0E-4F42-8570-2CAF18CB06DC}.Release|x86.Build.0 = Release|x86
		{0CB2A275-4A69-4D45-A388-44A8EF4ACFC6}.Debug|x86.ActiveCfg = Debug|x86
		{0CB2A275-4A69-4D45-A388-44A8EF4ACFC6}.Debug|x86.Build.0 = Debug|x86
		{0CB2A275-4A69-4D45-A388-44A8EF4ACFC6}.Release|x86.ActiveCfg = Release|x86
		{0CB2A275-4A69-4D45-A388-44A8EF4ACFC6}.Release|x86.Build.0 = Release|x86
		{99D9F2CA-71C6-45AB-8583-130F70F2B953}.Debug|x86.ActiveCfg = Debug|x86
		{99D9F2CA-71C6-45AB-8583-130F70F2B953}.Debug|x86.Build.0 = Debug|x86
		{99D9F2CA-71C6-45AB-8583-130F70F2B953}.Release|x86.ActiveCfg = Release|x86
		{99D9F2CA-71C6-45AB-8583-130F70F2B953}.Release|x86.Build.0 = Release|x86
		{DBE6DB47-42C3-460B-B525-A2D7CC08E2B9}.Debug|x86.ActiveCfg = Debug|x86
		{DBE6DB47-42C3-460B-B525-A2D7CC08E2B9}.Debug|x86.Build.0 = Debug|x86
		{DBE6DB47-42C3-460B-B525-A2D7CC08E2B9}.Release|x86.ActiveCfg = Release|x86
		{DBE6DB47-42C3-460B-B525-A2D7CC08E2B9}.Release|x86.Build.0 = Release|x86
		{03072307-6299-419F-B442-29776E2EEA2D}.Debug|x86.ActiveCfg = Debug
		{03072307-6299-419F-B442-29776E2EEA2D}.Release|x86.ActiveCfg = Release
		{5972E424-3638-4894-9396-0EC264EF67E4}.Debug|x86.ActiveCfg = Debug|x86
		{5972E424-3638-4894-9396-0EC264EF67E4}.Debug|x86.Build.0 = Debug|x86
		{5972E424-3638-4894-9396-0EC264EF67E4}.Release|x86.ActiveCfg = Release|x86
		{5972E424-3638-4894-9396-0EC264EF67E4}.Release|x86.Build.0 = Release|x86
	EndGlobalSection
	GlobalSection(SolutionProperties) = preSolution
		HideSolutionNode = FALSE
	EndGlobalSection
EndGlobal
